
Microsoft Visual Studio Solution File, Format Version 12.00
# Visual Studio Version 17
VisualStudioVersion = 17.9.34723.18
MinimumVisualStudioVersion = 10.0.40219.1
Project("{9A19103F-16F7-4668-BE54-9A1E7A4F7556}") = "ApplicationCore", "ApplicationCore\ApplicationCore.csproj", "{B66325E7-AD24-48E6-A5AE-1BBFB1F46380}"
EndProject
Project("{9A19103F-16F7-4668-BE54-9A1E7A4F7556}") = "Infrastructure", "Infrastructure\Infrastructure.csproj", "{068268D0-1189-44C4-8AD1-4D746F6E2166}"
EndProject
Project("{9A19103F-16F7-4668-BE54-9A1E7A4F7556}") = "EShop.API", "EShop.API\EShop.API.csproj", "{93AAB9ED-89E0-4138-B587-4A842605008B}"
EndProject
Project("{2150E333-8FDC-42A3-9474-1A3956D46DE8}") = "ProductCatalog", "ProductCatalog", "{7DB84321-0DD7-4FE5-9D65-3ACBC413E56D}"
EndProject
Project("{9A19103F-16F7-4668-BE54-9A1E7A4F7556}") = "ProductCatalog.Core", "ProductCatalog.Core\ProductCatalog.Core.csproj", "{9646F550-CAD4-4ED7-B03F-E107EA3DA030}"
EndProject
Project("{9A19103F-16F7-4668-BE54-9A1E7A4F7556}") = "ProductCatalog.Infrastructure", "ProductCatalog.Infrastructure\ProductCatalog.Infrastructure.csproj", "{4716DAE2-A5AA-4D1A-B184-4815ACB56B7A}"
EndProject
Project("{9A19103F-16F7-4668-BE54-9A1E7A4F7556}") = "ProductCatalog.API", "ProductCatalog.API\ProductCatalog.API.csproj", "{1AFE59EA-0136-4F5B-9465-7ACD112D90C6}"
EndProject
Project("{2150E333-8FDC-42A3-9474-1A3956D46DE8}") = "Shared", "Shared", "{97E98C89-7660-4F26-9A63-7F6A8FE1596E}"
EndProject
Project("{9A19103F-16F7-4668-BE54-9A1E7A4F7556}") = "Base.API", "Base.API\Base.API.csproj", "{1E0CA34E-94A6-4464-BC84-6E6E101294DC}"
EndProject
Project("{9A19103F-16F7-4668-BE54-9A1E7A4F7556}") = "Base.Core", "Base.Core\Base.Core.csproj", "{EBE62AA9-BC5C-4899-AD7A-900619D64AB7}"
EndProject
Project("{9A19103F-16F7-4668-BE54-9A1E7A4F7556}") = "Base.Infrastructure", "Base.Infrastructure\Base.Infrastructure.csproj", "{9F6CDB7C-5DC2-449B-AAA7-C292560DC030}"
EndProject
Project("{2150E333-8FDC-42A3-9474-1A3956D46DE8}") = "Shipper", "Shipper", "{DC5AAC2C-BDBB-4EFE-858E-61674E34EC80}"
EndProject
Project("{9A19103F-16F7-4668-BE54-9A1E7A4F7556}") = "Shipper.Core", "Shipper.Core\Shipper.Core.csproj", "{1E69C0A6-3A11-4C21-B945-F47F9C1BC318}"
EndProject
Project("{9A19103F-16F7-4668-BE54-9A1E7A4F7556}") = "Shipper.Infrastructure", "Shipper.Infrastructure\Shipper.Infrastructure.csproj", "{45CBED47-F0F3-453E-9AB3-9803770FCAF2}"
EndProject
Project("{9A19103F-16F7-4668-BE54-9A1E7A4F7556}") = "Shipper.API", "Shipper.API\Shipper.API.csproj", "{8A0B43A6-4F07-47BA-AD76-E89AE1482F5C}"
EndProject
Project("{2150E333-8FDC-42A3-9474-1A3956D46DE8}") = "ShoppingCart", "ShoppingCart", "{3653E9CC-6CD6-4A6C-8DDF-539E9369197C}"
EndProject
Project("{2150E333-8FDC-42A3-9474-1A3956D46DE8}") = "Promotion", "Promotion", "{E6390CEB-D88F-42CF-B4EE-B40C359BA5A1}"
EndProject
Project("{9A19103F-16F7-4668-BE54-9A1E7A4F7556}") = "ShoppingCart.API", "ShoppingCart.API\ShoppingCart.API.csproj", "{8DA46BBA-3389-457E-8C98-E1272561AF41}"
EndProject
Project("{9A19103F-16F7-4668-BE54-9A1E7A4F7556}") = "ShoppingCart.Core", "ShoppingCart.Core\ShoppingCart.Core.csproj", "{AA2C77EA-4070-4208-9CBA-2D1DE6826842}"
EndProject
Project("{9A19103F-16F7-4668-BE54-9A1E7A4F7556}") = "ShoppingCart.Infrastructure", "ShoppingCart.Infrastructure\ShoppingCart.Infrastructure.csproj", "{189DED5A-2D9D-4C6B-8E7B-ED1667F7A960}"
EndProject
Project("{9A19103F-16F7-4668-BE54-9A1E7A4F7556}") = "Promotion.Core", "Promotion.Core\Promotion.Core.csproj", "{3A7D1FBB-8EC5-4F31-A294-197B5A7B821F}"
EndProject
Project("{9A19103F-16F7-4668-BE54-9A1E7A4F7556}") = "Promotion.Infrastructure", "Promotion.Infrastructure\Promotion.Infrastructure.csproj", "{B6143A64-CCDF-4027-8F5F-639F17F3C0D3}"
EndProject
Project("{9A19103F-16F7-4668-BE54-9A1E7A4F7556}") = "Promotion.API", "Promotion.API\Promotion.API.csproj", "{96A0A42A-75C0-4362-B4FA-B92A65062B43}"
EndProject
Project("{E53339B2-1760-4266-BCC7-CA923CBCF16C}") = "docker-compose", "docker-compose.dcproj", "{7E4AF382-A3AE-42A4-8DC9-859A6F375B31}"
EndProject
Project("{2150E333-8FDC-42A3-9474-1A3956D46DE8}") = "Authentication", "Authentication", "{ACAFD922-1D45-4A20-89D9-9BB00097EFA7}"
EndProject
Project("{FAE04EC0-301F-11D3-BF4B-00C04F79EFBC}") = "Authentication.Core", "Account.Core\Authentication.Core.csproj", "{BEA1B8F4-04DF-4A1F-A689-C1376EF816E8}"
EndProject
Project("{FAE04EC0-301F-11D3-BF4B-00C04F79EFBC}") = "Authentication.Infrastructure", "Account.Infrastructure\Authentication.Infrastructure.csproj", "{652843C8-2636-4D0E-97BD-9659FB69208A}"
EndProject
Project("{FAE04EC0-301F-11D3-BF4B-00C04F79EFBC}") = "Authentication.API", "Account.API\Authentication.API.csproj", "{BE1CB3CE-A570-4CAA-AF21-110F04E2D92E}"
EndProject
Global
	GlobalSection(SolutionConfigurationPlatforms) = preSolution
		Debug|Any CPU = Debug|Any CPU
		Release|Any CPU = Release|Any CPU
	EndGlobalSection
	GlobalSection(ProjectConfigurationPlatforms) = postSolution
		{B66325E7-AD24-48E6-A5AE-1BBFB1F46380}.Debug|Any CPU.ActiveCfg = Debug|Any CPU
		{B66325E7-AD24-48E6-A5AE-1BBFB1F46380}.Debug|Any CPU.Build.0 = Debug|Any CPU
		{B66325E7-AD24-48E6-A5AE-1BBFB1F46380}.Release|Any CPU.ActiveCfg = Release|Any CPU
		{B66325E7-AD24-48E6-A5AE-1BBFB1F46380}.Release|Any CPU.Build.0 = Release|Any CPU
		{068268D0-1189-44C4-8AD1-4D746F6E2166}.Debug|Any CPU.ActiveCfg = Debug|Any CPU
		{068268D0-1189-44C4-8AD1-4D746F6E2166}.Debug|Any CPU.Build.0 = Debug|Any CPU
		{068268D0-1189-44C4-8AD1-4D746F6E2166}.Release|Any CPU.ActiveCfg = Release|Any CPU
		{068268D0-1189-44C4-8AD1-4D746F6E2166}.Release|Any CPU.Build.0 = Release|Any CPU
		{93AAB9ED-89E0-4138-B587-4A842605008B}.Debug|Any CPU.ActiveCfg = Debug|Any CPU
		{93AAB9ED-89E0-4138-B587-4A842605008B}.Debug|Any CPU.Build.0 = Debug|Any CPU
		{93AAB9ED-89E0-4138-B587-4A842605008B}.Release|Any CPU.ActiveCfg = Release|Any CPU
		{93AAB9ED-89E0-4138-B587-4A842605008B}.Release|Any CPU.Build.0 = Release|Any CPU
		{9646F550-CAD4-4ED7-B03F-E107EA3DA030}.Debug|Any CPU.ActiveCfg = Debug|Any CPU
		{9646F550-CAD4-4ED7-B03F-E107EA3DA030}.Debug|Any CPU.Build.0 = Debug|Any CPU
		{9646F550-CAD4-4ED7-B03F-E107EA3DA030}.Release|Any CPU.ActiveCfg = Release|Any CPU
		{9646F550-CAD4-4ED7-B03F-E107EA3DA030}.Release|Any CPU.Build.0 = Release|Any CPU
		{4716DAE2-A5AA-4D1A-B184-4815ACB56B7A}.Debug|Any CPU.ActiveCfg = Debug|Any CPU
		{4716DAE2-A5AA-4D1A-B184-4815ACB56B7A}.Debug|Any CPU.Build.0 = Debug|Any CPU
		{4716DAE2-A5AA-4D1A-B184-4815ACB56B7A}.Release|Any CPU.ActiveCfg = Release|Any CPU
		{4716DAE2-A5AA-4D1A-B184-4815ACB56B7A}.Release|Any CPU.Build.0 = Release|Any CPU
		{1AFE59EA-0136-4F5B-9465-7ACD112D90C6}.Debug|Any CPU.ActiveCfg = Debug|Any CPU
		{1AFE59EA-0136-4F5B-9465-7ACD112D90C6}.Debug|Any CPU.Build.0 = Debug|Any CPU
		{1AFE59EA-0136-4F5B-9465-7ACD112D90C6}.Release|Any CPU.ActiveCfg = Release|Any CPU
		{1AFE59EA-0136-4F5B-9465-7ACD112D90C6}.Release|Any CPU.Build.0 = Release|Any CPU
		{1E0CA34E-94A6-4464-BC84-6E6E101294DC}.Debug|Any CPU.ActiveCfg = Debug|Any CPU
		{1E0CA34E-94A6-4464-BC84-6E6E101294DC}.Debug|Any CPU.Build.0 = Debug|Any CPU
		{1E0CA34E-94A6-4464-BC84-6E6E101294DC}.Release|Any CPU.ActiveCfg = Release|Any CPU
		{1E0CA34E-94A6-4464-BC84-6E6E101294DC}.Release|Any CPU.Build.0 = Release|Any CPU
		{EBE62AA9-BC5C-4899-AD7A-900619D64AB7}.Debug|Any CPU.ActiveCfg = Debug|Any CPU
		{EBE62AA9-BC5C-4899-AD7A-900619D64AB7}.Debug|Any CPU.Build.0 = Debug|Any CPU
		{EBE62AA9-BC5C-4899-AD7A-900619D64AB7}.Release|Any CPU.ActiveCfg = Release|Any CPU
		{EBE62AA9-BC5C-4899-AD7A-900619D64AB7}.Release|Any CPU.Build.0 = Release|Any CPU
		{9F6CDB7C-5DC2-449B-AAA7-C292560DC030}.Debug|Any CPU.ActiveCfg = Debug|Any CPU
		{9F6CDB7C-5DC2-449B-AAA7-C292560DC030}.Debug|Any CPU.Build.0 = Debug|Any CPU
		{9F6CDB7C-5DC2-449B-AAA7-C292560DC030}.Release|Any CPU.ActiveCfg = Release|Any CPU
		{9F6CDB7C-5DC2-449B-AAA7-C292560DC030}.Release|Any CPU.Build.0 = Release|Any CPU
		{1E69C0A6-3A11-4C21-B945-F47F9C1BC318}.Debug|Any CPU.ActiveCfg = Debug|Any CPU
		{1E69C0A6-3A11-4C21-B945-F47F9C1BC318}.Debug|Any CPU.Build.0 = Debug|Any CPU
		{1E69C0A6-3A11-4C21-B945-F47F9C1BC318}.Release|Any CPU.ActiveCfg = Release|Any CPU
		{1E69C0A6-3A11-4C21-B945-F47F9C1BC318}.Release|Any CPU.Build.0 = Release|Any CPU
		{45CBED47-F0F3-453E-9AB3-9803770FCAF2}.Debug|Any CPU.ActiveCfg = Debug|Any CPU
		{45CBED47-F0F3-453E-9AB3-9803770FCAF2}.Debug|Any CPU.Build.0 = Debug|Any CPU
		{45CBED47-F0F3-453E-9AB3-9803770FCAF2}.Release|Any CPU.ActiveCfg = Release|Any CPU
		{45CBED47-F0F3-453E-9AB3-9803770FCAF2}.Release|Any CPU.Build.0 = Release|Any CPU
		{8A0B43A6-4F07-47BA-AD76-E89AE1482F5C}.Debug|Any CPU.ActiveCfg = Debug|Any CPU
		{8A0B43A6-4F07-47BA-AD76-E89AE1482F5C}.Debug|Any CPU.Build.0 = Debug|Any CPU
		{8A0B43A6-4F07-47BA-AD76-E89AE1482F5C}.Release|Any CPU.ActiveCfg = Release|Any CPU
		{8A0B43A6-4F07-47BA-AD76-E89AE1482F5C}.Release|Any CPU.Build.0 = Release|Any CPU
		{8DA46BBA-3389-457E-8C98-E1272561AF41}.Debug|Any CPU.ActiveCfg = Debug|Any CPU
		{8DA46BBA-3389-457E-8C98-E1272561AF41}.Debug|Any CPU.Build.0 = Debug|Any CPU
		{8DA46BBA-3389-457E-8C98-E1272561AF41}.Release|Any CPU.ActiveCfg = Release|Any CPU
		{8DA46BBA-3389-457E-8C98-E1272561AF41}.Release|Any CPU.Build.0 = Release|Any CPU
		{AA2C77EA-4070-4208-9CBA-2D1DE6826842}.Debug|Any CPU.ActiveCfg = Debug|Any CPU
		{AA2C77EA-4070-4208-9CBA-2D1DE6826842}.Debug|Any CPU.Build.0 = Debug|Any CPU
		{AA2C77EA-4070-4208-9CBA-2D1DE6826842}.Release|Any CPU.ActiveCfg = Release|Any CPU
		{AA2C77EA-4070-4208-9CBA-2D1DE6826842}.Release|Any CPU.Build.0 = Release|Any CPU
		{189DED5A-2D9D-4C6B-8E7B-ED1667F7A960}.Debug|Any CPU.ActiveCfg = Debug|Any CPU
		{189DED5A-2D9D-4C6B-8E7B-ED1667F7A960}.Debug|Any CPU.Build.0 = Debug|Any CPU
		{189DED5A-2D9D-4C6B-8E7B-ED1667F7A960}.Release|Any CPU.ActiveCfg = Release|Any CPU
		{189DED5A-2D9D-4C6B-8E7B-ED1667F7A960}.Release|Any CPU.Build.0 = Release|Any CPU
		{3A7D1FBB-8EC5-4F31-A294-197B5A7B821F}.Debug|Any CPU.ActiveCfg = Debug|Any CPU
		{3A7D1FBB-8EC5-4F31-A294-197B5A7B821F}.Debug|Any CPU.Build.0 = Debug|Any CPU
		{3A7D1FBB-8EC5-4F31-A294-197B5A7B821F}.Release|Any CPU.ActiveCfg = Release|Any CPU
		{3A7D1FBB-8EC5-4F31-A294-197B5A7B821F}.Release|Any CPU.Build.0 = Release|Any CPU
		{B6143A64-CCDF-4027-8F5F-639F17F3C0D3}.Debug|Any CPU.ActiveCfg = Debug|Any CPU
		{B6143A64-CCDF-4027-8F5F-639F17F3C0D3}.Debug|Any CPU.Build.0 = Debug|Any CPU
		{B6143A64-CCDF-4027-8F5F-639F17F3C0D3}.Release|Any CPU.ActiveCfg = Release|Any CPU
		{B6143A64-CCDF-4027-8F5F-639F17F3C0D3}.Release|Any CPU.Build.0 = Release|Any CPU
		{96A0A42A-75C0-4362-B4FA-B92A65062B43}.Debug|Any CPU.ActiveCfg = Debug|Any CPU
		{96A0A42A-75C0-4362-B4FA-B92A65062B43}.Debug|Any CPU.Build.0 = Debug|Any CPU
		{96A0A42A-75C0-4362-B4FA-B92A65062B43}.Release|Any CPU.ActiveCfg = Release|Any CPU
		{96A0A42A-75C0-4362-B4FA-B92A65062B43}.Release|Any CPU.Build.0 = Release|Any CPU
		{7E4AF382-A3AE-42A4-8DC9-859A6F375B31}.Debug|Any CPU.ActiveCfg = Debug|Any CPU
		{7E4AF382-A3AE-42A4-8DC9-859A6F375B31}.Debug|Any CPU.Build.0 = Debug|Any CPU
		{7E4AF382-A3AE-42A4-8DC9-859A6F375B31}.Release|Any CPU.ActiveCfg = Release|Any CPU
		{7E4AF382-A3AE-42A4-8DC9-859A6F375B31}.Release|Any CPU.Build.0 = Release|Any CPU
		{BEA1B8F4-04DF-4A1F-A689-C1376EF816E8}.Debug|Any CPU.ActiveCfg = Debug|Any CPU
		{BEA1B8F4-04DF-4A1F-A689-C1376EF816E8}.Debug|Any CPU.Build.0 = Debug|Any CPU
		{BEA1B8F4-04DF-4A1F-A689-C1376EF816E8}.Release|Any CPU.ActiveCfg = Release|Any CPU
		{BEA1B8F4-04DF-4A1F-A689-C1376EF816E8}.Release|Any CPU.Build.0 = Release|Any CPU
		{652843C8-2636-4D0E-97BD-9659FB69208A}.Debug|Any CPU.ActiveCfg = Debug|Any CPU
		{652843C8-2636-4D0E-97BD-9659FB69208A}.Debug|Any CPU.Build.0 = Debug|Any CPU
		{652843C8-2636-4D0E-97BD-9659FB69208A}.Release|Any CPU.ActiveCfg = Release|Any CPU
		{652843C8-2636-4D0E-97BD-9659FB69208A}.Release|Any CPU.Build.0 = Release|Any CPU
		{BE1CB3CE-A570-4CAA-AF21-110F04E2D92E}.Debug|Any CPU.ActiveCfg = Debug|Any CPU
		{BE1CB3CE-A570-4CAA-AF21-110F04E2D92E}.Debug|Any CPU.Build.0 = Debug|Any CPU
		{BE1CB3CE-A570-4CAA-AF21-110F04E2D92E}.Release|Any CPU.ActiveCfg = Release|Any CPU
		{BE1CB3CE-A570-4CAA-AF21-110F04E2D92E}.Release|Any CPU.Build.0 = Release|Any CPU
	EndGlobalSection
	GlobalSection(SolutionProperties) = preSolution
		HideSolutionNode = FALSE
	EndGlobalSection
	GlobalSection(NestedProjects) = preSolution
		{9646F550-CAD4-4ED7-B03F-E107EA3DA030} = {7DB84321-0DD7-4FE5-9D65-3ACBC413E56D}
		{4716DAE2-A5AA-4D1A-B184-4815ACB56B7A} = {7DB84321-0DD7-4FE5-9D65-3ACBC413E56D}
		{1AFE59EA-0136-4F5B-9465-7ACD112D90C6} = {7DB84321-0DD7-4FE5-9D65-3ACBC413E56D}
		{1E0CA34E-94A6-4464-BC84-6E6E101294DC} = {97E98C89-7660-4F26-9A63-7F6A8FE1596E}
		{EBE62AA9-BC5C-4899-AD7A-900619D64AB7} = {97E98C89-7660-4F26-9A63-7F6A8FE1596E}
		{9F6CDB7C-5DC2-449B-AAA7-C292560DC030} = {97E98C89-7660-4F26-9A63-7F6A8FE1596E}
		{1E69C0A6-3A11-4C21-B945-F47F9C1BC318} = {DC5AAC2C-BDBB-4EFE-858E-61674E34EC80}
		{45CBED47-F0F3-453E-9AB3-9803770FCAF2} = {DC5AAC2C-BDBB-4EFE-858E-61674E34EC80}
		{8A0B43A6-4F07-47BA-AD76-E89AE1482F5C} = {DC5AAC2C-BDBB-4EFE-858E-61674E34EC80}
		{8DA46BBA-3389-457E-8C98-E1272561AF41} = {3653E9CC-6CD6-4A6C-8DDF-539E9369197C}
		{AA2C77EA-4070-4208-9CBA-2D1DE6826842} = {3653E9CC-6CD6-4A6C-8DDF-539E9369197C}
		{189DED5A-2D9D-4C6B-8E7B-ED1667F7A960} = {3653E9CC-6CD6-4A6C-8DDF-539E9369197C}
		{3A7D1FBB-8EC5-4F31-A294-197B5A7B821F} = {E6390CEB-D88F-42CF-B4EE-B40C359BA5A1}
		{B6143A64-CCDF-4027-8F5F-639F17F3C0D3} = {E6390CEB-D88F-42CF-B4EE-B40C359BA5A1}
		{96A0A42A-75C0-4362-B4FA-B92A65062B43} = {E6390CEB-D88F-42CF-B4EE-B40C359BA5A1}
		{BEA1B8F4-04DF-4A1F-A689-C1376EF816E8} = {ACAFD922-1D45-4A20-89D9-9BB00097EFA7}
		{652843C8-2636-4D0E-97BD-9659FB69208A} = {ACAFD922-1D45-4A20-89D9-9BB00097EFA7}
		{BE1CB3CE-A570-4CAA-AF21-110F04E2D92E} = {ACAFD922-1D45-4A20-89D9-9BB00097EFA7}
	EndGlobalSection
	GlobalSection(ExtensibilityGlobals) = postSolution
		SolutionGuid = {7B0DF8DF-8674-48E0-B940-E46BD94891B3}
	EndGlobalSection
EndGlobal
