
Microsoft Visual Studio Solution File, Format Version 12.00
# Visual Studio Version 17
VisualStudioVersion = 17.9.34723.18
MinimumVisualStudioVersion = 10.0.40219.1
Project("{9A19103F-16F7-4668-BE54-9A1E7A4F7556}") = "ApplicationCore", "ApplicationCore\ApplicationCore.csproj", "{B66325E7-AD24-48E6-A5AE-1BBFB1F46380}"
EndProject
Project("{9A19103F-16F7-4668-BE54-9A1E7A4F7556}") = "Infrastructure", "Infrastructure\Infrastructure.csproj", "{068268D0-1189-44C4-8AD1-4D746F6E2166}"
EndProject
Project("{9A19103F-16F7-4668-BE54-9A1E7A4F7556}") = "EShop.API", "EShop.API\EShop.API.csproj", "{93AAB9ED-89E0-4138-B587-4A842605008B}"
EndProject
Project("{9A19103F-16F7-4668-BE54-9A1E7A4F7556}") = "Order.API", "Order.API\Order.API.csproj", "{7BE916CE-C463-43F3-9194-05E8D6EAA59A}"
EndProject
Project("{2150E333-8FDC-42A3-9474-1A3956D46DE8}") = "Order", "Order", "{528150D8-EF20-4B16-AF4E-5F595F322E70}"
EndProject
Project("{9A19103F-16F7-4668-BE54-9A1E7A4F7556}") = "Order.Infrastructure", "Order.Infrastructure\Order.Infrastructure.csproj", "{80487DCA-42B3-4DEF-9ED4-71C3146F0F70}"
EndProject
Project("{9A19103F-16F7-4668-BE54-9A1E7A4F7556}") = "Order.Core", "Order.Core\Order.Core.csproj", "{34A83FE8-66F5-492E-AF73-F29B5FAB520F}"
EndProject
Project("{2150E333-8FDC-42A3-9474-1A3956D46DE8}") = "Product", "Product", "{BC5CB1D2-8126-4B98-8271-D830BDE5A32F}"
EndProject
Project("{9A19103F-16F7-4668-BE54-9A1E7A4F7556}") = "Product.Core", "Product.Core\Product.Core.csproj", "{6E9487D8-0097-4A8B-A5DE-4555E3E6398A}"
EndProject
Project("{9A19103F-16F7-4668-BE54-9A1E7A4F7556}") = "Product.Infrastructure", "Product.Infrastructure\Product.Infrastructure.csproj", "{33C900A9-6B46-4575-994F-1B1660C89712}"
EndProject
Project("{9A19103F-16F7-4668-BE54-9A1E7A4F7556}") = "Product.API", "Product.API\Product.API.csproj", "{6198C807-09F5-473C-BDFD-8F47BE11043B}"
EndProject
Project("{2150E333-8FDC-42A3-9474-1A3956D46DE8}") = "Base", "Base", "{5E4ECC90-09E7-41B4-B148-09D31F9BECF1}"
EndProject
Project("{9A19103F-16F7-4668-BE54-9A1E7A4F7556}") = "Base.API", "Base.API\Base.API.csproj", "{2344C433-E18F-45EB-B74C-CD8FEC317F5E}"
EndProject
Project("{9A19103F-16F7-4668-BE54-9A1E7A4F7556}") = "Base.Core", "Base.Core\Base.Core.csproj", "{DBBB6513-E2A2-425B-BDF8-1054C52FDDB7}"
EndProject
Project("{9A19103F-16F7-4668-BE54-9A1E7A4F7556}") = "Base.Infrastructure", "Base.Infrastructure\Base.Infrastructure.csproj", "{746EFFD2-B0E8-45AF-9E9B-A01F9CF57151}"
EndProject
Project("{2150E333-8FDC-42A3-9474-1A3956D46DE8}") = "Shipper", "Shipper", "{A925BE65-D837-4E19-9F4C-7B63B5587D06}"
EndProject
Project("{FAE04EC0-301F-11D3-BF4B-00C04F79EFBC}") = "Shipper.Core", "Shipper.Core\Shipper.Core.csproj", "{95527153-AA75-4117-8413-199B95422C64}"
EndProject
Project("{FAE04EC0-301F-11D3-BF4B-00C04F79EFBC}") = "Shipper.Infrastructure", "Shipper.Infrastructure\Shipper.Infrastructure.csproj", "{674D9D3D-6742-4A2F-84C8-1587F04DFBF0}"
EndProject
Project("{FAE04EC0-301F-11D3-BF4B-00C04F79EFBC}") = "Shipper.API", "Shipper.API\Shipper.API.csproj", "{6AD5AB92-C051-4913-B79B-831A31A0EB1E}"
EndProject
Project("{2150E333-8FDC-42A3-9474-1A3956D46DE8}") = "Account", "Account", "{7DC7A319-5777-4920-9034-C15B222956C2}"
EndProject
Project("{FAE04EC0-301F-11D3-BF4B-00C04F79EFBC}") = "Account.API", "Account.API\Account.API.csproj", "{E4F3EEE3-44CE-4543-992D-1FECA2E4F3D5}"
EndProject
Project("{FAE04EC0-301F-11D3-BF4B-00C04F79EFBC}") = "Account.Core", "Account.Core\Account.Core.csproj", "{E4BBD172-ADA2-4152-967E-B405A330FE67}"
EndProject
Project("{FAE04EC0-301F-11D3-BF4B-00C04F79EFBC}") = "Account.Infrastructure", "Account.Infrastructure\Account.Infrastructure.csproj", "{856D3EC5-35B1-41A0-887F-1D9E3ED7EC76}"
EndProject
Project("{2150E333-8FDC-42A3-9474-1A3956D46DE8}") = "Promotion", "Promotion", "{CA840FE5-8FCE-4A78-9735-176F056BFE2C}"
EndProject
Project("{FAE04EC0-301F-11D3-BF4B-00C04F79EFBC}") = "Promotion.Core", "Promotion.Core\Promotion.Core.csproj", "{44DF9BBD-B500-40DD-A87B-77DD21FB88C8}"
EndProject
Project("{FAE04EC0-301F-11D3-BF4B-00C04F79EFBC}") = "Promotion.Infrastructure", "Promotion.Infrastructure\Promotion.Infrastructure.csproj", "{2E1D9308-3AAF-4FA0-AC7B-1E0B3281DAB8}"
EndProject
Project("{FAE04EC0-301F-11D3-BF4B-00C04F79EFBC}") = "Promotion.API", "Promotion.API\Promotion.API.csproj", "{26D3479A-7078-463E-99CD-62CCA9C065A4}"
EndProject
Project("{2150E333-8FDC-42A3-9474-1A3956D46DE8}") = "ShoppingCart", "ShoppingCart", "{6631A78D-E63F-4B44-B7E2-E09387661EBB}"
EndProject
Project("{FAE04EC0-301F-11D3-BF4B-00C04F79EFBC}") = "ShoppingCart.API", "ShoppingCart.API\ShoppingCart.API.csproj", "{8B10E23C-A437-4024-8D14-1D35E2025CB1}"
EndProject
Project("{FAE04EC0-301F-11D3-BF4B-00C04F79EFBC}") = "ShoppingCart.Core", "ShoppingCart.Core\ShoppingCart.Core.csproj", "{160C1EC9-B8D6-4677-B29D-D4637D76A32D}"
EndProject
Project("{FAE04EC0-301F-11D3-BF4B-00C04F79EFBC}") = "ShoppingCart.Infrastructure", "ShoppingCart.Infrastructure\ShoppingCart.Infrastructure.csproj", "{F5559A33-BD39-4BB1-B4E0-420B890EBF80}"
EndProject
Global
	GlobalSection(SolutionConfigurationPlatforms) = preSolution
		Debug|Any CPU = Debug|Any CPU
		Release|Any CPU = Release|Any CPU
	EndGlobalSection
	GlobalSection(ProjectConfigurationPlatforms) = postSolution
		{B66325E7-AD24-48E6-A5AE-1BBFB1F46380}.Debug|Any CPU.ActiveCfg = Debug|Any CPU
		{B66325E7-AD24-48E6-A5AE-1BBFB1F46380}.Debug|Any CPU.Build.0 = Debug|Any CPU
		{B66325E7-AD24-48E6-A5AE-1BBFB1F46380}.Release|Any CPU.ActiveCfg = Release|Any CPU
		{B66325E7-AD24-48E6-A5AE-1BBFB1F46380}.Release|Any CPU.Build.0 = Release|Any CPU
		{068268D0-1189-44C4-8AD1-4D746F6E2166}.Debug|Any CPU.ActiveCfg = Debug|Any CPU
		{068268D0-1189-44C4-8AD1-4D746F6E2166}.Debug|Any CPU.Build.0 = Debug|Any CPU
		{068268D0-1189-44C4-8AD1-4D746F6E2166}.Release|Any CPU.ActiveCfg = Release|Any CPU
		{068268D0-1189-44C4-8AD1-4D746F6E2166}.Release|Any CPU.Build.0 = Release|Any CPU
		{93AAB9ED-89E0-4138-B587-4A842605008B}.Debug|Any CPU.ActiveCfg = Debug|Any CPU
		{93AAB9ED-89E0-4138-B587-4A842605008B}.Debug|Any CPU.Build.0 = Debug|Any CPU
		{93AAB9ED-89E0-4138-B587-4A842605008B}.Release|Any CPU.ActiveCfg = Release|Any CPU
		{93AAB9ED-89E0-4138-B587-4A842605008B}.Release|Any CPU.Build.0 = Release|Any CPU
		{7BE916CE-C463-43F3-9194-05E8D6EAA59A}.Debug|Any CPU.ActiveCfg = Debug|Any CPU
		{7BE916CE-C463-43F3-9194-05E8D6EAA59A}.Debug|Any CPU.Build.0 = Debug|Any CPU
		{7BE916CE-C463-43F3-9194-05E8D6EAA59A}.Release|Any CPU.ActiveCfg = Release|Any CPU
		{7BE916CE-C463-43F3-9194-05E8D6EAA59A}.Release|Any CPU.Build.0 = Release|Any CPU
		{80487DCA-42B3-4DEF-9ED4-71C3146F0F70}.Debug|Any CPU.ActiveCfg = Debug|Any CPU
		{80487DCA-42B3-4DEF-9ED4-71C3146F0F70}.Debug|Any CPU.Build.0 = Debug|Any CPU
		{80487DCA-42B3-4DEF-9ED4-71C3146F0F70}.Release|Any CPU.ActiveCfg = Release|Any CPU
		{80487DCA-42B3-4DEF-9ED4-71C3146F0F70}.Release|Any CPU.Build.0 = Release|Any CPU
		{34A83FE8-66F5-492E-AF73-F29B5FAB520F}.Debug|Any CPU.ActiveCfg = Debug|Any CPU
		{34A83FE8-66F5-492E-AF73-F29B5FAB520F}.Debug|Any CPU.Build.0 = Debug|Any CPU
		{34A83FE8-66F5-492E-AF73-F29B5FAB520F}.Release|Any CPU.ActiveCfg = Release|Any CPU
		{34A83FE8-66F5-492E-AF73-F29B5FAB520F}.Release|Any CPU.Build.0 = Release|Any CPU
		{6E9487D8-0097-4A8B-A5DE-4555E3E6398A}.Debug|Any CPU.ActiveCfg = Debug|Any CPU
		{6E9487D8-0097-4A8B-A5DE-4555E3E6398A}.Debug|Any CPU.Build.0 = Debug|Any CPU
		{6E9487D8-0097-4A8B-A5DE-4555E3E6398A}.Release|Any CPU.ActiveCfg = Release|Any CPU
		{6E9487D8-0097-4A8B-A5DE-4555E3E6398A}.Release|Any CPU.Build.0 = Release|Any CPU
		{33C900A9-6B46-4575-994F-1B1660C89712}.Debug|Any CPU.ActiveCfg = Debug|Any CPU
		{33C900A9-6B46-4575-994F-1B1660C89712}.Debug|Any CPU.Build.0 = Debug|Any CPU
		{33C900A9-6B46-4575-994F-1B1660C89712}.Release|Any CPU.ActiveCfg = Release|Any CPU
		{33C900A9-6B46-4575-994F-1B1660C89712}.Release|Any CPU.Build.0 = Release|Any CPU
		{6198C807-09F5-473C-BDFD-8F47BE11043B}.Debug|Any CPU.ActiveCfg = Debug|Any CPU
		{6198C807-09F5-473C-BDFD-8F47BE11043B}.Debug|Any CPU.Build.0 = Debug|Any CPU
		{6198C807-09F5-473C-BDFD-8F47BE11043B}.Release|Any CPU.ActiveCfg = Release|Any CPU
		{6198C807-09F5-473C-BDFD-8F47BE11043B}.Release|Any CPU.Build.0 = Release|Any CPU
		{2344C433-E18F-45EB-B74C-CD8FEC317F5E}.Debug|Any CPU.ActiveCfg = Debug|Any CPU
		{2344C433-E18F-45EB-B74C-CD8FEC317F5E}.Debug|Any CPU.Build.0 = Debug|Any CPU
		{2344C433-E18F-45EB-B74C-CD8FEC317F5E}.Release|Any CPU.ActiveCfg = Release|Any CPU
		{2344C433-E18F-45EB-B74C-CD8FEC317F5E}.Release|Any CPU.Build.0 = Release|Any CPU
		{DBBB6513-E2A2-425B-BDF8-1054C52FDDB7}.Debug|Any CPU.ActiveCfg = Debug|Any CPU
		{DBBB6513-E2A2-425B-BDF8-1054C52FDDB7}.Debug|Any CPU.Build.0 = Debug|Any CPU
		{DBBB6513-E2A2-425B-BDF8-1054C52FDDB7}.Release|Any CPU.ActiveCfg = Release|Any CPU
		{DBBB6513-E2A2-425B-BDF8-1054C52FDDB7}.Release|Any CPU.Build.0 = Release|Any CPU
		{746EFFD2-B0E8-45AF-9E9B-A01F9CF57151}.Debug|Any CPU.ActiveCfg = Debug|Any CPU
		{746EFFD2-B0E8-45AF-9E9B-A01F9CF57151}.Debug|Any CPU.Build.0 = Debug|Any CPU
		{746EFFD2-B0E8-45AF-9E9B-A01F9CF57151}.Release|Any CPU.ActiveCfg = Release|Any CPU
		{746EFFD2-B0E8-45AF-9E9B-A01F9CF57151}.Release|Any CPU.Build.0 = Release|Any CPU
		{95527153-AA75-4117-8413-199B95422C64}.Debug|Any CPU.ActiveCfg = Debug|Any CPU
		{95527153-AA75-4117-8413-199B95422C64}.Debug|Any CPU.Build.0 = Debug|Any CPU
		{95527153-AA75-4117-8413-199B95422C64}.Release|Any CPU.ActiveCfg = Release|Any CPU
		{95527153-AA75-4117-8413-199B95422C64}.Release|Any CPU.Build.0 = Release|Any CPU
		{674D9D3D-6742-4A2F-84C8-1587F04DFBF0}.Debug|Any CPU.ActiveCfg = Debug|Any CPU
		{674D9D3D-6742-4A2F-84C8-1587F04DFBF0}.Debug|Any CPU.Build.0 = Debug|Any CPU
		{674D9D3D-6742-4A2F-84C8-1587F04DFBF0}.Release|Any CPU.ActiveCfg = Release|Any CPU
		{674D9D3D-6742-4A2F-84C8-1587F04DFBF0}.Release|Any CPU.Build.0 = Release|Any CPU
		{6AD5AB92-C051-4913-B79B-831A31A0EB1E}.Debug|Any CPU.ActiveCfg = Debug|Any CPU
		{6AD5AB92-C051-4913-B79B-831A31A0EB1E}.Debug|Any CPU.Build.0 = Debug|Any CPU
		{6AD5AB92-C051-4913-B79B-831A31A0EB1E}.Release|Any CPU.ActiveCfg = Release|Any CPU
		{6AD5AB92-C051-4913-B79B-831A31A0EB1E}.Release|Any CPU.Build.0 = Release|Any CPU
		{E4F3EEE3-44CE-4543-992D-1FECA2E4F3D5}.Debug|Any CPU.ActiveCfg = Debug|Any CPU
		{E4F3EEE3-44CE-4543-992D-1FECA2E4F3D5}.Debug|Any CPU.Build.0 = Debug|Any CPU
		{E4F3EEE3-44CE-4543-992D-1FECA2E4F3D5}.Release|Any CPU.ActiveCfg = Release|Any CPU
		{E4F3EEE3-44CE-4543-992D-1FECA2E4F3D5}.Release|Any CPU.Build.0 = Release|Any CPU
		{E4BBD172-ADA2-4152-967E-B405A330FE67}.Debug|Any CPU.ActiveCfg = Debug|Any CPU
		{E4BBD172-ADA2-4152-967E-B405A330FE67}.Debug|Any CPU.Build.0 = Debug|Any CPU
		{E4BBD172-ADA2-4152-967E-B405A330FE67}.Release|Any CPU.ActiveCfg = Release|Any CPU
		{E4BBD172-ADA2-4152-967E-B405A330FE67}.Release|Any CPU.Build.0 = Release|Any CPU
		{856D3EC5-35B1-41A0-887F-1D9E3ED7EC76}.Debug|Any CPU.ActiveCfg = Debug|Any CPU
		{856D3EC5-35B1-41A0-887F-1D9E3ED7EC76}.Debug|Any CPU.Build.0 = Debug|Any CPU
		{856D3EC5-35B1-41A0-887F-1D9E3ED7EC76}.Release|Any CPU.ActiveCfg = Release|Any CPU
		{856D3EC5-35B1-41A0-887F-1D9E3ED7EC76}.Release|Any CPU.Build.0 = Release|Any CPU
		{44DF9BBD-B500-40DD-A87B-77DD21FB88C8}.Debug|Any CPU.ActiveCfg = Debug|Any CPU
		{44DF9BBD-B500-40DD-A87B-77DD21FB88C8}.Debug|Any CPU.Build.0 = Debug|Any CPU
		{44DF9BBD-B500-40DD-A87B-77DD21FB88C8}.Release|Any CPU.ActiveCfg = Release|Any CPU
		{44DF9BBD-B500-40DD-A87B-77DD21FB88C8}.Release|Any CPU.Build.0 = Release|Any CPU
		{2E1D9308-3AAF-4FA0-AC7B-1E0B3281DAB8}.Debug|Any CPU.ActiveCfg = Debug|Any CPU
		{2E1D9308-3AAF-4FA0-AC7B-1E0B3281DAB8}.Debug|Any CPU.Build.0 = Debug|Any CPU
		{2E1D9308-3AAF-4FA0-AC7B-1E0B3281DAB8}.Release|Any CPU.ActiveCfg = Release|Any CPU
		{2E1D9308-3AAF-4FA0-AC7B-1E0B3281DAB8}.Release|Any CPU.Build.0 = Release|Any CPU
		{26D3479A-7078-463E-99CD-62CCA9C065A4}.Debug|Any CPU.ActiveCfg = Debug|Any CPU
		{26D3479A-7078-463E-99CD-62CCA9C065A4}.Debug|Any CPU.Build.0 = Debug|Any CPU
		{26D3479A-7078-463E-99CD-62CCA9C065A4}.Release|Any CPU.ActiveCfg = Release|Any CPU
		{26D3479A-7078-463E-99CD-62CCA9C065A4}.Release|Any CPU.Build.0 = Release|Any CPU
		{8B10E23C-A437-4024-8D14-1D35E2025CB1}.Debug|Any CPU.ActiveCfg = Debug|Any CPU
		{8B10E23C-A437-4024-8D14-1D35E2025CB1}.Debug|Any CPU.Build.0 = Debug|Any CPU
		{8B10E23C-A437-4024-8D14-1D35E2025CB1}.Release|Any CPU.ActiveCfg = Release|Any CPU
		{8B10E23C-A437-4024-8D14-1D35E2025CB1}.Release|Any CPU.Build.0 = Release|Any CPU
		{160C1EC9-B8D6-4677-B29D-D4637D76A32D}.Debug|Any CPU.ActiveCfg = Debug|Any CPU
		{160C1EC9-B8D6-4677-B29D-D4637D76A32D}.Debug|Any CPU.Build.0 = Debug|Any CPU
		{160C1EC9-B8D6-4677-B29D-D4637D76A32D}.Release|Any CPU.ActiveCfg = Release|Any CPU
		{160C1EC9-B8D6-4677-B29D-D4637D76A32D}.Release|Any CPU.Build.0 = Release|Any CPU
		{F5559A33-BD39-4BB1-B4E0-420B890EBF80}.Debug|Any CPU.ActiveCfg = Debug|Any CPU
		{F5559A33-BD39-4BB1-B4E0-420B890EBF80}.Debug|Any CPU.Build.0 = Debug|Any CPU
		{F5559A33-BD39-4BB1-B4E0-420B890EBF80}.Release|Any CPU.ActiveCfg = Release|Any CPU
		{F5559A33-BD39-4BB1-B4E0-420B890EBF80}.Release|Any CPU.Build.0 = Release|Any CPU
	EndGlobalSection
	GlobalSection(SolutionProperties) = preSolution
		HideSolutionNode = FALSE
	EndGlobalSection
	GlobalSection(NestedProjects) = preSolution
		{7BE916CE-C463-43F3-9194-05E8D6EAA59A} = {528150D8-EF20-4B16-AF4E-5F595F322E70}
		{80487DCA-42B3-4DEF-9ED4-71C3146F0F70} = {528150D8-EF20-4B16-AF4E-5F595F322E70}
		{34A83FE8-66F5-492E-AF73-F29B5FAB520F} = {528150D8-EF20-4B16-AF4E-5F595F322E70}
		{6E9487D8-0097-4A8B-A5DE-4555E3E6398A} = {BC5CB1D2-8126-4B98-8271-D830BDE5A32F}
		{33C900A9-6B46-4575-994F-1B1660C89712} = {BC5CB1D2-8126-4B98-8271-D830BDE5A32F}
		{6198C807-09F5-473C-BDFD-8F47BE11043B} = {BC5CB1D2-8126-4B98-8271-D830BDE5A32F}
		{2344C433-E18F-45EB-B74C-CD8FEC317F5E} = {5E4ECC90-09E7-41B4-B148-09D31F9BECF1}
		{DBBB6513-E2A2-425B-BDF8-1054C52FDDB7} = {5E4ECC90-09E7-41B4-B148-09D31F9BECF1}
		{746EFFD2-B0E8-45AF-9E9B-A01F9CF57151} = {5E4ECC90-09E7-41B4-B148-09D31F9BECF1}
		{95527153-AA75-4117-8413-199B95422C64} = {A925BE65-D837-4E19-9F4C-7B63B5587D06}
		{674D9D3D-6742-4A2F-84C8-1587F04DFBF0} = {A925BE65-D837-4E19-9F4C-7B63B5587D06}
		{6AD5AB92-C051-4913-B79B-831A31A0EB1E} = {A925BE65-D837-4E19-9F4C-7B63B5587D06}
		{E4F3EEE3-44CE-4543-992D-1FECA2E4F3D5} = {7DC7A319-5777-4920-9034-C15B222956C2}
		{E4BBD172-ADA2-4152-967E-B405A330FE67} = {7DC7A319-5777-4920-9034-C15B222956C2}
		{856D3EC5-35B1-41A0-887F-1D9E3ED7EC76} = {7DC7A319-5777-4920-9034-C15B222956C2}
		{44DF9BBD-B500-40DD-A87B-77DD21FB88C8} = {CA840FE5-8FCE-4A78-9735-176F056BFE2C}
		{2E1D9308-3AAF-4FA0-AC7B-1E0B3281DAB8} = {CA840FE5-8FCE-4A78-9735-176F056BFE2C}
		{26D3479A-7078-463E-99CD-62CCA9C065A4} = {CA840FE5-8FCE-4A78-9735-176F056BFE2C}
		{8B10E23C-A437-4024-8D14-1D35E2025CB1} = {6631A78D-E63F-4B44-B7E2-E09387661EBB}
		{160C1EC9-B8D6-4677-B29D-D4637D76A32D} = {6631A78D-E63F-4B44-B7E2-E09387661EBB}
		{F5559A33-BD39-4BB1-B4E0-420B890EBF80} = {6631A78D-E63F-4B44-B7E2-E09387661EBB}
	EndGlobalSection
	GlobalSection(ExtensibilityGlobals) = postSolution
		SolutionGuid = {7B0DF8DF-8674-48E0-B940-E46BD94891B3}
	EndGlobalSection
EndGlobal
